
Microsoft Visual Studio Solution File, Format Version 12.00
# Visual Studio 15
VisualStudioVersion = 15.0.33529.398
MinimumVisualStudioVersion = 10.0.40219.1
Project("{FAE04EC0-301F-11D3-BF4B-00C04F79EFBC}") = "RequestPipeline", "RequestPipeline\RequestPipeline.csproj", "{597AE9B5-45F7-42F1-9C2C-762861C3DEE1}"
EndProject
Global
	GlobalSection(SolutionConfigurationPlatforms) = preSolution
		Debug|Any CPU = Debug|Any CPU
		Release|Any CPU = Release|Any CPU
	EndGlobalSection
	GlobalSection(ProjectConfigurationPlatforms) = postSolution
		{597AE9B5-45F7-42F1-9C2C-762861C3DEE1}.Debug|Any CPU.ActiveCfg = Debug|Any CPU
		{597AE9B5-45F7-42F1-9C2C-762861C3DEE1}.Debug|Any CPU.Build.0 = Debug|Any CPU
		{597AE9B5-45F7-42F1-9C2C-762861C3DEE1}.Release|Any CPU.ActiveCfg = Release|Any CPU
		{597AE9B5-45F7-42F1-9C2C-762861C3DEE1}.Release|Any CPU.Build.0 = Release|Any CPU
	EndGlobalSection
	GlobalSection(SolutionProperties) = preSolution
		HideSolutionNode = FALSE
	EndGlobalSection
	GlobalSection(ExtensibilityGlobals) = postSolution
		SolutionGuid = {0767E25A-7360-48E6-833B-762B8326CE15}
	EndGlobalSection
EndGlobal
