
Microsoft Visual Studio Solution File, Format Version 12.00
# Visual Studio Version 17
VisualStudioVersion = 17.5.33530.505
MinimumVisualStudioVersion = 10.0.40219.1
Project("{FAE04EC0-301F-11D3-BF4B-00C04F79EFBC}") = "Demo", "Demo\Demo.csproj", "{DDBEF65A-6ED2-4C7F-98DF-E7EC7B535951}"
EndProject
Global
	GlobalSection(SolutionConfigurationPlatforms) = preSolution
		Debug|Any CPU = Debug|Any CPU
		Release|Any CPU = Release|Any CPU
	EndGlobalSection
	GlobalSection(ProjectConfigurationPlatforms) = postSolution
		{DDBEF65A-6ED2-4C7F-98DF-E7EC7B535951}.Debug|Any CPU.ActiveCfg = Debug|Any CPU
		{DDBEF65A-6ED2-4C7F-98DF-E7EC7B535951}.Debug|Any CPU.Build.0 = Debug|Any CPU
		{DDBEF65A-6ED2-4C7F-98DF-E7EC7B535951}.Release|Any CPU.ActiveCfg = Release|Any CPU
		{DDBEF65A-6ED2-4C7F-98DF-E7EC7B535951}.Release|Any CPU.Build.0 = Release|Any CPU
	EndGlobalSection
	GlobalSection(SolutionProperties) = preSolution
		HideSolutionNode = FALSE
	EndGlobalSection
	GlobalSection(ExtensibilityGlobals) = postSolution
		SolutionGuid = {6012C0F7-07AE-451D-8252-4CCF502E764B}
	EndGlobalSection
EndGlobal
